
Microsoft Visual Studio Solution File, Format Version 12.00
# Visual Studio Version 17
VisualStudioVersion = 17.10.35013.160
MinimumVisualStudioVersion = 10.0.40219.1
Project("{9A19103F-16F7-4668-BE54-9A1E7A4F7556}") = "ABCRetailApp-Functions", "ABCRetailApp-Functions\ABCRetailApp-Functions.csproj", "{906370AA-B00C-4645-AC81-CC99CD481E1D}"
EndProject
Global
	GlobalSection(SolutionConfigurationPlatforms) = preSolution
		Debug|Any CPU = Debug|Any CPU
		Release|Any CPU = Release|Any CPU
	EndGlobalSection
	GlobalSection(ProjectConfigurationPlatforms) = postSolution
		{906370AA-B00C-4645-AC81-CC99CD481E1D}.Debug|Any CPU.ActiveCfg = Debug|Any CPU
		{906370AA-B00C-4645-AC81-CC99CD481E1D}.Debug|Any CPU.Build.0 = Debug|Any CPU
		{906370AA-B00C-4645-AC81-CC99CD481E1D}.Release|Any CPU.ActiveCfg = Release|Any CPU
		{906370AA-B00C-4645-AC81-CC99CD481E1D}.Release|Any CPU.Build.0 = Release|Any CPU
	EndGlobalSection
	GlobalSection(SolutionProperties) = preSolution
		HideSolutionNode = FALSE
	EndGlobalSection
	GlobalSection(ExtensibilityGlobals) = postSolution
		SolutionGuid = {264331F4-37F7-4CB7-8CC2-9DA9E0A77B1D}
	EndGlobalSection
EndGlobal
